
Microsoft Visual Studio Solution File, Format Version 12.00
# Visual Studio Version 16
VisualStudioVersion = 16.0.31321.278
MinimumVisualStudioVersion = 10.0.40219.1
Project("{FAE04EC0-301F-11D3-BF4B-00C04F79EFBC}") = "raj", "raj\raj.csproj", "{A7166736-4604-48A3-ABF9-006510438EDF}"
EndProject
Global
	GlobalSection(SolutionConfigurationPlatforms) = preSolution
		Debug|Any CPU = Debug|Any CPU
		Release|Any CPU = Release|Any CPU
	EndGlobalSection
	GlobalSection(ProjectConfigurationPlatforms) = postSolution
		{A7166736-4604-48A3-ABF9-006510438EDF}.Debug|Any CPU.ActiveCfg = Debug|Any CPU
		{A7166736-4604-48A3-ABF9-006510438EDF}.Debug|Any CPU.Build.0 = Debug|Any CPU
		{A7166736-4604-48A3-ABF9-006510438EDF}.Release|Any CPU.ActiveCfg = Release|Any CPU
		{A7166736-4604-48A3-ABF9-006510438EDF}.Release|Any CPU.Build.0 = Release|Any CPU
	EndGlobalSection
	GlobalSection(SolutionProperties) = preSolution
		HideSolutionNode = FALSE
	EndGlobalSection
	GlobalSection(ExtensibilityGlobals) = postSolution
		SolutionGuid = {833B4308-CE33-40DE-B0F7-81A800A3F9E1}
	EndGlobalSection
EndGlobal
